
Microsoft Visual Studio Solution File, Format Version 12.00
# Visual Studio Version 16
VisualStudioVersion = 16.0.29728.190
MinimumVisualStudioVersion = 10.0.40219.1
Project("{FAE04EC0-301F-11D3-BF4B-00C04F79EFBC}") = "UDPListener", "UDPListener\UDPListener.csproj", "{D472A72C-70E2-42BC-AB28-06BD9E438A07}"
EndProject
Global
	GlobalSection(SolutionConfigurationPlatforms) = preSolution
		Debug|Any CPU = Debug|Any CPU
		Release|Any CPU = Release|Any CPU
	EndGlobalSection
	GlobalSection(ProjectConfigurationPlatforms) = postSolution
		{D472A72C-70E2-42BC-AB28-06BD9E438A07}.Debug|Any CPU.ActiveCfg = Debug|Any CPU
		{D472A72C-70E2-42BC-AB28-06BD9E438A07}.Debug|Any CPU.Build.0 = Debug|Any CPU
		{D472A72C-70E2-42BC-AB28-06BD9E438A07}.Release|Any CPU.ActiveCfg = Release|Any CPU
		{D472A72C-70E2-42BC-AB28-06BD9E438A07}.Release|Any CPU.Build.0 = Release|Any CPU
	EndGlobalSection
	GlobalSection(SolutionProperties) = preSolution
		HideSolutionNode = FALSE
	EndGlobalSection
	GlobalSection(ExtensibilityGlobals) = postSolution
		SolutionGuid = {92441C9F-5AEB-4707-9DB5-34D39B211A0E}
	EndGlobalSection
EndGlobal
